# THIS IS AN AUTOGENERATED FILE. DO NOT EDIT THIS FILE DIRECTLY.
# yarn lockfile v1


"@babel/runtime@^7.11.2", "@babel/runtime@^7.12.5", "@babel/runtime@^7.5.5", "@babel/runtime@^7.9.2":
  version "7.14.0"
  resolved "https://registry.yarnpkg.com/@babel/runtime/-/runtime-7.14.0.tgz#46794bc20b612c5f75e62dd071e24dfd95f1cbe6"
  integrity sha512-JELkvo/DlpNdJ7dlyw/eY7E0suy5i5GQH+Vlxaq1nsNJ+H7f4Vtv3jMeCEgRhZZQFXTjldYfQgv2qmM6M1v5wA==
  dependencies:
    regenerator-runtime "^0.13.4"

"@videojs/http-streaming@2.6.4":
  version "2.6.4"
  resolved "https://registry.yarnpkg.com/@videojs/http-streaming/-/http-streaming-2.6.4.tgz#a3d9eb62b02c6e48439f033675ec3a6f5f8cdb25"
  integrity sha512-sFVE0MVXhawAkET8EgiUSMvDDv6u3uGidtO0BvNXG0/qKWlze/zEzhvLsyPU4HmLFRnffKeHK5RE2XpO5vHY8Q==
  dependencies:
    "@babel/runtime" "^7.12.5"
    "@videojs/vhs-utils" "^3.0.0"
    aes-decrypter "3.1.2"
    global "^4.4.0"
    m3u8-parser "4.5.2"
    mpd-parser "0.15.4"
    mux.js "5.10.0"
    video.js "^6 || ^7"

"@videojs/vhs-utils@^3.0.0":
  version "3.0.1"
  resolved "https://registry.yarnpkg.com/@videojs/vhs-utils/-/vhs-utils-3.0.1.tgz#6bd7b5309883dcbaccb0f766b08094bc2bde5dbc"
  integrity sha512-kYHWcmzRyWfUXrrOZzRFzvt7XM+Sg+0vmsSbYONn2e/XeWD8+35K74+wZkW5/H9nYZDhYpZgeTKbLRUvxk+smA==
  dependencies:
    "@babel/runtime" "^7.12.5"
    global "^4.4.0"
    url-toolkit "^2.2.1"

"@videojs/xhr@2.5.1":
  version "2.5.1"
  resolved "https://registry.yarnpkg.com/@videojs/xhr/-/xhr-2.5.1.tgz#26bc5a79dbb3b03bfb13742c6ce559f89e90719e"
  integrity sha512-wV9nGESHseSK+S9ePEru2+OJZ1jq/ZbbzniGQ4weAmTIepuBMSYPx5zrxxQA0E786T5ykpO8ts+LayV+3/oI2w==
  dependencies:
    "@babel/runtime" "^7.5.5"
    global "~4.4.0"
    is-function "^1.0.1"

aes-decrypter@3.1.2:
  version "3.1.2"
  resolved "https://registry.yarnpkg.com/aes-decrypter/-/aes-decrypter-3.1.2.tgz#3545546f8e9f6b878640339a242efe221ba7a7cb"
  integrity sha512-42nRwfQuPRj9R1zqZBdoxnaAmnIFyDi0MNyTVhjdFOd8fifXKKRfwIHIZ6AMn1or4x5WONzjwRTbTWcsIQ0O4A==
  dependencies:
    "@babel/runtime" "^7.12.5"
    "@videojs/vhs-utils" "^3.0.0"
    global "^4.4.0"
    pkcs7 "^1.0.4"

almond@~0.3.1:
  version "0.3.3"
  resolved "https://registry.yarnpkg.com/almond/-/almond-0.3.3.tgz#a0e7c95ac7624d6417b4494b1e68bff693168a20"

blueimp-tmpl@^3.11.0:
  version "3.11.0"
  resolved "https://registry.yarnpkg.com/blueimp-tmpl/-/blueimp-tmpl-3.11.0.tgz#47e78cbab16770e3922b019a250b4ad9c7b20f8f"

bootstrap@^3.3, bootstrap@^3.4.1:
  version "3.4.1"
  resolved "https://registry.yarnpkg.com/bootstrap/-/bootstrap-3.4.1.tgz#c3a347d419e289ad11f4033e3c4132b87c081d72"
  integrity sha512-yN5oZVmRCwe5aKwzRj6736nSmKDX7pLYwsXiCj/EYmo16hODaBiT4En5btW/jhBF/seV+XMx3aYwukYC3A49DA==

"chainsaw@>=0.0.7 <0.1":
  version "0.0.9"
  resolved "https://registry.yarnpkg.com/chainsaw/-/chainsaw-0.0.9.tgz#11a05102d1c4c785b6d0415d336d5a3a1612913e"
  integrity sha1-EaBRAtHEx4W20EFdM21aOhYSkT4=
  dependencies:
    traverse ">=0.3.0 <0.4"

codemirror@^5.58.2:
  version "5.58.2"
  resolved "https://registry.yarnpkg.com/codemirror/-/codemirror-5.58.2.tgz#ed54a1796de1498688bea1cdd4e9eeb187565d1b"
  integrity sha512-K/hOh24cCwRutd1Mk3uLtjWzNISOkm4fvXiMO7LucCrqbh6aJDdtqUziim3MZUI6wOY0rvY1SlL1Ork01uMy6w==

"datatables-i18n@git+https://github.com/dzhuang/datatables-i18n.git":
  version "1.0.5"
  resolved "git+https://github.com/dzhuang/datatables-i18n.git#688313ba2d3c0b608dc5ca3f4903c82e9bc5e3d9"

datatables.net-bs@^1.10.15, datatables.net-bs@^1.10.16:
  version "1.10.16"
  resolved "https://registry.yarnpkg.com/datatables.net-bs/-/datatables.net-bs-1.10.16.tgz#b0854f5b374f713ae3db4156c7cea8a760c3de76"
  dependencies:
    datatables.net "1.10.16"
    jquery ">=1.7"

datatables.net-fixedcolumns-bs@^3.2.4:
  version "3.2.4"
  resolved "https://registry.yarnpkg.com/datatables.net-fixedcolumns-bs/-/datatables.net-fixedcolumns-bs-3.2.4.tgz#48f05ddbb810507f8b6bddc8b4e9aee2809ff342"
  dependencies:
    datatables.net-bs "^1.10.15"
    datatables.net-fixedcolumns "3.2.4"
    jquery ">=1.7"

datatables.net-fixedcolumns@3.2.4, datatables.net-fixedcolumns@^3.2.4:
  version "3.2.4"
  resolved "https://registry.yarnpkg.com/datatables.net-fixedcolumns/-/datatables.net-fixedcolumns-3.2.4.tgz#ae9a2a08b3fb9767633db47825ba8e598cdcfc0d"
  dependencies:
    datatables.net "^1.10.15"
    jquery ">=1.7"

datatables.net@1.10.16:
  version "1.10.16"
  resolved "https://registry.yarnpkg.com/datatables.net/-/datatables.net-1.10.16.tgz#4b052d1082824261b68eed9d22741b711d3d2469"
  dependencies:
    jquery ">=1.7"

datatables.net@^1.10.15, datatables.net@^1.10.22:
  version "1.10.22"
  resolved "https://registry.yarnpkg.com/datatables.net/-/datatables.net-1.10.22.tgz#975d4ffb1eb40dec5fb772eaf93796ec1a948b55"
  integrity sha512-ujn8GvkQIBYzYH54XY7OrI0Zb35TKRd9ABYfbnXgBfwTGIFT6UsmXrfHU5Yk+MSDoF0sDu2TB+31V6c+zUZ0Pw==
  dependencies:
    jquery ">=1.7"

dom-walk@^0.1.0:
  version "0.1.1"
  resolved "https://registry.yarnpkg.com/dom-walk/-/dom-walk-0.1.1.tgz#672226dc74c8f799ad35307df936aba11acd6018"

eonasdan-bootstrap-datetimepicker@^4.17.47:
  version "4.17.47"
  resolved "https://registry.yarnpkg.com/eonasdan-bootstrap-datetimepicker/-/eonasdan-bootstrap-datetimepicker-4.17.47.tgz#7a49970044065276e7965efd16f822735219e735"
  integrity sha1-ekmXAEQGUnbnll79Fvgic1IZ5zU=
  dependencies:
    bootstrap "^3.3"
    jquery "^1.8.3 || ^2.0 || ^3.0"
    moment "^2.10"
    moment-timezone "^0.4.0"

estree-walker@^0.6.1:
  version "0.6.1"
  resolved "https://registry.yarnpkg.com/estree-walker/-/estree-walker-0.6.1.tgz#53049143f40c6eb918b23671d1fe3219f3a1b362"
  integrity sha512-SqmZANLWS0mnatqbSfRP5g8OXZC12Fgg1IwNtLsyHDzJizORW4khDfjPqJZsemPWBB2uqykUah5YpQ6epsqC/w==

font-awesome@^4.7.0:
  version "4.7.0"
  resolved "https://registry.yarnpkg.com/font-awesome/-/font-awesome-4.7.0.tgz#8fa8cf0411a1a31afd07b06d2902bb9fc815a133"

fullcalendar@^2.9.1:
  version "2.9.1"
  resolved "https://registry.yarnpkg.com/fullcalendar/-/fullcalendar-2.9.1.tgz#dd2a84469b627749e47c5dd9fd71f56146e0651b"
  dependencies:
    jquery ">=1.7.1"
    moment ">=2.5.0"

global@4.3.2, global@^4.3.1:
  version "4.3.2"
  resolved "https://registry.yarnpkg.com/global/-/global-4.3.2.tgz#e76989268a6c74c38908b1305b10fc0e394e9d0f"
  dependencies:
    min-document "^2.19.0"
    process "~0.5.1"

global@^4.4.0, global@~4.4.0:
  version "4.4.0"
  resolved "https://registry.yarnpkg.com/global/-/global-4.4.0.tgz#3e7b105179006a323ed71aafca3e9c57a5cc6406"
  integrity sha512-wv/LAoHdRE3BeTGz53FAamhGlPLhlssK45usmGFThIi4XqnBmjKQ16u+RNbP7WvigRZDxUsM0J3gcQ5yicaL0w==
  dependencies:
    min-document "^2.19.0"
    process "^0.11.10"

"hashish@>=0.0.2 <0.1":
  version "0.0.4"
  resolved "https://registry.yarnpkg.com/hashish/-/hashish-0.0.4.tgz#6d60bc6ffaf711b6afd60e426d077988014e6554"
  integrity sha1-bWC8b/r3Ebav1g5CbQd5iAFOZVQ=
  dependencies:
    traverse ">=0.2.4"

individual@^2.0.0:
  version "2.0.0"
  resolved "https://registry.yarnpkg.com/individual/-/individual-2.0.0.tgz#833b097dad23294e76117a98fb38e0d9ad61bb97"

is-function@^1.0.1:
  version "1.0.1"
  resolved "https://registry.yarnpkg.com/is-function/-/is-function-1.0.1.tgz#12cfb98b65b57dd3d193a3121f5f6e2f437602b5"

jquery-mousewheel@~3.1.13:
  version "3.1.13"
  resolved "https://registry.yarnpkg.com/jquery-mousewheel/-/jquery-mousewheel-3.1.13.tgz#06f0335f16e353a695e7206bf50503cb523a6ee5"

jquery-ui-dist@^1.12.1:
  version "1.12.1"
  resolved "https://registry.yarnpkg.com/jquery-ui-dist/-/jquery-ui-dist-1.12.1.tgz#5c0815d3cc6f90ff5faaf5b268a6e23b4ca904fa"

jquery@>=1.7, jquery@>=1.7.1, jquery@>=1.9.1, "jquery@^1.8.3 || ^2.0 || ^3.0":
  version "3.5.0"
  resolved "https://registry.yarnpkg.com/jquery/-/jquery-3.5.0.tgz#9980b97d9e4194611c36530e7dc46a58d7340fc9"
  integrity sha512-Xb7SVYMvygPxbFMpTFQiHh1J7HClEaThguL15N/Gg37Lri/qKyhRGZYzHRyLH8Stq3Aow0LsHO2O2ci86fCrNQ==

jquery@^3.5.1:
  version "3.6.0"
  resolved "https://registry.yarnpkg.com/jquery/-/jquery-3.6.0.tgz#c72a09f15c1bdce142f49dbf1170bdf8adac2470"
  integrity sha512-JVzAR/AjBvVt2BmYhxRCSYysDsPcssdmTFnzyLEts9qNwmjmu4JTAMYubEfwVOSwpQ1I1sKKFcxhZCI2buerfw==

jstree@^3.3.5:
  version "3.3.5"
  resolved "https://registry.yarnpkg.com/jstree/-/jstree-3.3.5.tgz#9c578db32d0a643775cddd8020ad5992f4119c13"
  dependencies:
    jquery ">=1.9.1"

keycode@^2.2.0:
  version "2.2.0"
  resolved "https://registry.yarnpkg.com/keycode/-/keycode-2.2.0.tgz#3d0af56dc7b8b8e5cba8d0a97f107204eec22b04"
  integrity sha1-PQr1bce4uOXLqNCpfxByBO7CKwQ=

m3u8-parser@4.5.2:
  version "4.5.2"
  resolved "https://registry.yarnpkg.com/m3u8-parser/-/m3u8-parser-4.5.2.tgz#f7d48a60112466e528324624c4e66d52ed341a75"
  integrity sha512-sN/lu3TiRxmG2RFjZxo5c0/7Dr4RrEztl43jXrWwj5gFZ7vfa2iIxGfiPx485dm5QCazaIcKk+vNkUso8Aq0Ag==
  dependencies:
    "@babel/runtime" "^7.12.5"
    "@videojs/vhs-utils" "^3.0.0"
    global "^4.4.0"

magic-string@^0.25.2:
  version "0.25.7"
  resolved "https://registry.yarnpkg.com/magic-string/-/magic-string-0.25.7.tgz#3f497d6fd34c669c6798dcb821f2ef31f5445051"
  integrity sha512-4CrMT5DOHTDk4HYDlzmwu4FVCcIYI8gauveasrdCu2IKIFOJ3f0v/8MDGJCDL9oD2ppz/Av1b0Nj345H9M+XIA==
  dependencies:
    sourcemap-codec "^1.4.4"

mathjax@^2.7.4:
  version "2.7.4"
  resolved "https://registry.yarnpkg.com/mathjax/-/mathjax-2.7.4.tgz#a88c55392b69a9715813cdc041ce02de6548a603"
  integrity sha512-B6SLtoETmV08kqTepRyz8eqMRGFzllPy2QASKFdFl0g0YB6SNgQVnWae11RaF3/y8ZKLTJNJ7hLbMIqmBEkLzw==

min-document@^2.19.0:
  version "2.19.0"
  resolved "https://registry.yarnpkg.com/min-document/-/min-document-2.19.0.tgz#7bd282e3f5842ed295bb748cdd9f1ffa2c824685"
  dependencies:
    dom-walk "^0.1.0"

moment-timezone@^0.4.0:
  version "0.4.1"
  resolved "https://registry.yarnpkg.com/moment-timezone/-/moment-timezone-0.4.1.tgz#81f598c3ad5e22cdad796b67ecd8d88d0f5baa06"
  integrity sha1-gfWYw61eIs2teWtn7NjYjQ9bqgY=
  dependencies:
    moment ">= 2.6.0"

"moment@>= 2.6.0", moment@^2.10:
  version "2.24.0"
  resolved "https://registry.yarnpkg.com/moment/-/moment-2.24.0.tgz#0d055d53f5052aa653c9f6eb68bb5d12bf5c2b5b"
  integrity sha512-bV7f+6l2QigeBBZSM/6yTNq4P2fNpSWj/0e7jQcy87A8e7o2nAfP/34/2ky5Vw4B9S446EtIhodAzkFCcR4dQg==

moment@>=2.5.0:
  version "2.21.0"
  resolved "https://registry.yarnpkg.com/moment/-/moment-2.21.0.tgz#2a114b51d2a6ec9e6d83cf803f838a878d8a023a"

mpd-parser@0.15.4:
  version "0.15.4"
  resolved "https://registry.yarnpkg.com/mpd-parser/-/mpd-parser-0.15.4.tgz#e1b445d0dc2aab1389fde6420ca9cca7c999575d"
  integrity sha512-YcOclxKc5gnT87UQYwRoPJpWOFvQORwN+bXYmTWCJ4U2pCSS7jjtPrIhoOLHFAyekj48CHTX4hjGBV/VSNsUsg==
  dependencies:
    "@babel/runtime" "^7.12.5"
    "@videojs/vhs-utils" "^3.0.0"
    global "^4.4.0"
    xmldom "^0.4.0"

mux.js@5.10.0:
  version "5.10.0"
  resolved "https://registry.yarnpkg.com/mux.js/-/mux.js-5.10.0.tgz#80fb30f9233c7902cac5cc8e1ae5f19e91cf8477"
  integrity sha512-kLzvYsHYBwNa+ckkmpxWV3eImwntJbrwd1KbN4WR0hLe+dK/KB82aCuC0fQzAI2hkjYszdlSGsAWFgYdiFBUuA==
  dependencies:
    "@babel/runtime" "^7.11.2"

pkcs7@^1.0.4:
  version "1.0.4"
  resolved "https://registry.yarnpkg.com/pkcs7/-/pkcs7-1.0.4.tgz#6090b9e71160dabf69209d719cbafa538b00a1cb"
  integrity sha512-afRERtHn54AlwaF2/+LFszyAANTCggGilmcmILUzEjvs3XgFZT+xE6+QWQcAGmu4xajy+Xtj7acLOPdx5/eXWQ==
  dependencies:
    "@babel/runtime" "^7.5.5"

process@^0.11.10:
  version "0.11.10"
  resolved "https://registry.yarnpkg.com/process/-/process-0.11.10.tgz#7332300e840161bda3e69a1d1d91a7d4bc16f182"
  integrity sha1-czIwDoQBYb2j5podHZGn1LwW8YI=

process@~0.5.1:
  version "0.5.2"
  resolved "https://registry.yarnpkg.com/process/-/process-0.5.2.tgz#1638d8a8e34c2f440a91db95ab9aeb677fc185cf"

regenerator-runtime@^0.13.4:
  version "0.13.7"
  resolved "https://registry.yarnpkg.com/regenerator-runtime/-/regenerator-runtime-0.13.7.tgz#cac2dacc8a1ea675feaabaeb8ae833898ae46f55"
  integrity sha512-a54FxoJDIr27pgf7IgeQGxmqUNYrcV338lf/6gH456HZ/PhX+5BcwHXG9ajESmwe6WRO0tAzRUrRmNONWgkrew==

remove@^0.1.5:
  version "0.1.5"
  resolved "https://registry.yarnpkg.com/remove/-/remove-0.1.5.tgz#095ffd827d65c9f41ad97d33e416a75811079955"
  integrity sha1-CV/9gn1lyfQa2X0z5BanWBEHmVU=
  dependencies:
    seq ">= 0.3.5"

rollup-plugin-replace@^2.2.0:
  version "2.2.0"
  resolved "https://registry.yarnpkg.com/rollup-plugin-replace/-/rollup-plugin-replace-2.2.0.tgz#f41ae5372e11e7a217cde349c8b5d5fd115e70e3"
  integrity sha512-/5bxtUPkDHyBJAKketb4NfaeZjL5yLZdeUihSfbF2PQMz+rSTEb8ARKoOl3UBT4m7/X+QOXJo3sLTcq+yMMYTA==
  dependencies:
    magic-string "^0.25.2"
    rollup-pluginutils "^2.6.0"

rollup-pluginutils@^2.6.0:
  version "2.8.2"
  resolved "https://registry.yarnpkg.com/rollup-pluginutils/-/rollup-pluginutils-2.8.2.tgz#72f2af0748b592364dbd3389e600e5a9444a351e"
  integrity sha512-EEp9NhnUkwY8aif6bxgovPHMoMoNr2FulJziTndpt5H9RdwC47GSGuII9XxpSdzVGM0GWrNPHV6ie1LTNJPaLQ==
  dependencies:
    estree-walker "^0.6.1"

rust-result@^1.0.0:
  version "1.0.0"
  resolved "https://registry.yarnpkg.com/rust-result/-/rust-result-1.0.0.tgz#34c75b2e6dc39fe5875e5bdec85b5e0f91536f72"
  dependencies:
    individual "^2.0.0"

safe-json-parse@4.0.0:
  version "4.0.0"
  resolved "https://registry.yarnpkg.com/safe-json-parse/-/safe-json-parse-4.0.0.tgz#7c0f578cfccd12d33a71c0e05413e2eca171eaac"
  dependencies:
    rust-result "^1.0.0"

select2-bootstrap-theme@^0.1.0-beta.10:
  version "0.1.0-beta.10"
  resolved "https://registry.yarnpkg.com/select2-bootstrap-theme/-/select2-bootstrap-theme-0.1.0-beta.10.tgz#b9426ecfc03bf4a235e76a132377574310469ac0"

select2@^4.0.5:
  version "4.0.5"
  resolved "https://registry.yarnpkg.com/select2/-/select2-4.0.5.tgz#7aac50692561985b34d3b82ec55e226f8960d40a"
  dependencies:
    almond "~0.3.1"
    jquery-mousewheel "~3.1.13"

"seq@>= 0.3.5":
  version "0.3.5"
  resolved "https://registry.yarnpkg.com/seq/-/seq-0.3.5.tgz#ae02af3a424793d8ccbf212d69174e0c54dffe38"
  integrity sha1-rgKvOkJHk9jMvyEtaRdODFTf/jg=
  dependencies:
    chainsaw ">=0.0.7 <0.1"
    hashish ">=0.0.2 <0.1"

sourcemap-codec@^1.4.4:
  version "1.4.8"
  resolved "https://registry.yarnpkg.com/sourcemap-codec/-/sourcemap-codec-1.4.8.tgz#ea804bd94857402e6992d05a38ef1ae35a9ab4c4"
  integrity sha512-9NykojV5Uih4lgo5So5dtw+f0JgJX30KCNI8gwhz2J9A15wD0Ml6tjHKwf6fTSa6fAdVBdZeNOs9eJ71qCk8vA==

traverse@>=0.2.4:
  version "0.6.6"
  resolved "https://registry.yarnpkg.com/traverse/-/traverse-0.6.6.tgz#cbdf560fd7b9af632502fed40f918c157ea97137"
  integrity sha1-y99WD9e5r2MlAv7UD5GMFX6pcTc=

"traverse@>=0.3.0 <0.4":
  version "0.3.9"
  resolved "https://registry.yarnpkg.com/traverse/-/traverse-0.3.9.tgz#717b8f220cc0bb7b44e40514c22b2e8bbc70d8b9"
  integrity sha1-cXuPIgzAu3tE5AUUwisui7xw2Lk=

url-toolkit@^2.2.1:
  version "2.2.2"
  resolved "https://registry.yarnpkg.com/url-toolkit/-/url-toolkit-2.2.2.tgz#51ef27b56d3187185f9ecf4a8ac7e8f55203c89d"
  integrity sha512-l25w6Sy+Iy3/IbogunxhWwljPaDnqpiKvrQRoLBm6DfISco7NyRIS7Zf6+Oxhy1T8kHxWdwLND7ZZba6NjXMug==

"video.js@^6 || ^7", video.js@^7.11.8:
  version "7.11.8"
  resolved "https://registry.yarnpkg.com/video.js/-/video.js-7.11.8.tgz#1fa27c56f30a436b06b44f21560f223e264aec51"
  integrity sha512-iQmNYB+pdgu8b45Za1AKSa5J7uDyHIqfJy+picw4voKfjErXK/BEvs+A3f99Ck7SCZU4cmMmX/s17AwaaNs+1w==
  dependencies:
    "@babel/runtime" "^7.9.2"
    "@videojs/http-streaming" "2.6.4"
    "@videojs/xhr" "2.5.1"
    global "4.3.2"
    keycode "^2.2.0"
    remove "^0.1.5"
    rollup-plugin-replace "^2.2.0"
    safe-json-parse "4.0.0"
    videojs-font "3.2.0"
    videojs-vtt.js "^0.15.2"

videojs-font@3.2.0:
  version "3.2.0"
  resolved "https://registry.yarnpkg.com/videojs-font/-/videojs-font-3.2.0.tgz#212c9d3f4e4ec3fa7345167d64316add35e92232"
  integrity sha512-g8vHMKK2/JGorSfqAZQUmYYNnXmfec4MLhwtEFS+mMs2IDY398GLysy6BH6K+aS1KMNu/xWZ8Sue/X/mdQPliA==

videojs-vtt.js@^0.15.2:
  version "0.15.3"
  resolved "https://registry.yarnpkg.com/videojs-vtt.js/-/videojs-vtt.js-0.15.3.tgz#84260393b79487fcf195d9372f812d7fab83a993"
  integrity sha512-5FvVsICuMRx6Hd7H/Y9s9GDeEtYcXQWzGMS+sl4UX3t/zoHp3y+isSfIPRochnTH7h+Bh1ILyC639xy9Z6kPag==
  dependencies:
    global "^4.3.1"

xmldom@^0.4.0:
  version "0.4.0"
  resolved "https://registry.yarnpkg.com/xmldom/-/xmldom-0.4.0.tgz#8771e482a333af44587e30ce026f0998c23f3830"
  integrity sha512-2E93k08T30Ugs+34HBSTQLVtpi6mCddaY8uO+pMNk1pqSjV5vElzn4mmh6KLxN3hki8rNcHSYzILoh3TEWORvA==
